{
    "_readme": [
        "This file locks the dependencies of your project to a known state",
        "Read more about it at https://getcomposer.org/doc/01-basic-usage.md#installing-dependencies",
        "This file is @generated automatically"
    ],
    "content-hash": "fc75101970e6e044385fa6e7f3857417",
    "packages": [
        {
            "name": "lucatume/di52",
            "version": "3.3.5",
            "source": {
                "type": "git",
                "url": "https://github.com/lucatume/di52.git",
                "reference": "d39d1cbbc57eb41c7aa21fab106e17b6938ec6b3"
            },
            "dist": {
                "type": "zip",
                "url": "https://api.github.com/repos/lucatume/di52/zipball/d39d1cbbc57eb41c7aa21fab106e17b6938ec6b3",
                "reference": "d39d1cbbc57eb41c7aa21fab106e17b6938ec6b3",
                "shasum": ""
            },
            "require": {
                "ext-json": "*",
                "php": ">=5.6",
                "psr/container": "^1.0"
            },
            "require-dev": {
                "phpunit/phpunit": "<10.0"
            },
            "type": "library",
            "autoload": {
                "psr-4": {
                    "lucatume\\DI52\\": "src/"
                }
            },
            "notification-url": "https://packagist.org/downloads/",
            "license": [
                "GPL-3.0"
            ],
            "authors": [
                {
                    "name": "Luca Tumedei",
                    "email": "luca@theaveragedev.com"
                }
            ],
            "description": "A PHP 5.6 compatible dependency injection container.",
            "support": {
                "issues": "https://github.com/lucatume/di52/issues",
                "source": "https://github.com/lucatume/di52/tree/3.3.5"
            },
            "time": "2023-09-01T08:49:32+00:00"
        },
        {
            "name": "psr/container",
            "version": "1.1.1",
            "source": {
                "type": "git",
                "url": "https://github.com/php-fig/container.git",
                "reference": "8622567409010282b7aeebe4bb841fe98b58dcaf"
            },
            "dist": {
                "type": "zip",
                "url": "https://api.github.com/repos/php-fig/container/zipball/8622567409010282b7aeebe4bb841fe98b58dcaf",
                "reference": "8622567409010282b7aeebe4bb841fe98b58dcaf",
                "shasum": ""
            },
            "require": {
                "php": ">=7.2.0"
            },
            "type": "library",
            "autoload": {
                "psr-4": {
                    "Psr\\Container\\": "src/"
                }
            },
            "notification-url": "https://packagist.org/downloads/",
            "license": [
                "MIT"
            ],
            "authors": [
                {
                    "name": "PHP-FIG",
                    "homepage": "https://www.php-fig.org/"
                }
            ],
            "description": "Common Container Interface (PHP FIG PSR-11)",
            "homepage": "https://github.com/php-fig/container",
            "keywords": [
                "PSR-11",
                "container",
                "container-interface",
                "container-interop",
                "psr"
            ],
            "support": {
                "issues": "https://github.com/php-fig/container/issues",
                "source": "https://github.com/php-fig/container/tree/1.1.1"
            },
            "time": "2021-03-05T17:36:06+00:00"
        },
        {
            "name": "stellarwp/container-contract",
            "version": "1.1.1",
            "source": {
                "type": "git",
                "url": "https://github.com/stellarwp/container-contract.git",
                "reference": "b2c42c76681db314e4edbb2af0a312b6c06b495e"
            },
            "dist": {
                "type": "zip",
                "url": "https://api.github.com/repos/stellarwp/container-contract/zipball/b2c42c76681db314e4edbb2af0a312b6c06b495e",
                "reference": "b2c42c76681db314e4edbb2af0a312b6c06b495e",
                "shasum": ""
            },
            "require": {
                "php": ">=7.0.0"
            },
            "type": "library",
            "autoload": {
                "psr-4": {
                    "StellarWP\\ContainerContract\\": "src/"
                }
            },
            "notification-url": "https://packagist.org/downloads/",
            "license": [
                "GPL-2.0-or-later"
            ],
            "authors": [
                {
                    "name": "StellarWP",
                    "homepage": "https://stellarwp.com"
                }
            ],
            "description": "StellarWP Container Interface",
            "homepage": "https://github.com/stellarwp/container-contract",
            "keywords": [
                "PSR-11",
                "container",
                "container-interface",
                "container-interop"
            ],
            "support": {
                "issues": "https://github.com/stellarwp/container-contract/issues",
                "source": "https://github.com/stellarwp/container-contract/tree/1.1.1"
            },
            "time": "2023-09-05T20:08:29+00:00"
        },
        {
            "name": "stellarwp/telemetry",
            "version": "2.3.0",
            "source": {
                "type": "git",
                "url": "https://github.com/stellarwp/telemetry.git",
                "reference": "c311c04dc103c53f0adb866f7245cf679035bc7c"
            },
            "dist": {
                "type": "zip",
                "url": "https://api.github.com/repos/stellarwp/telemetry/zipball/c311c04dc103c53f0adb866f7245cf679035bc7c",
                "reference": "c311c04dc103c53f0adb866f7245cf679035bc7c",
                "shasum": ""
            },
            "require": {
                "ext-json": "*",
                "php": ">=7.1",
                "stellarwp/container-contract": "^1.0"
            },
            "require-dev": {
                "automattic/vipwpcs": "^2.3",
                "dealerdirect/phpcodesniffer-composer-installer": "^0.7.2",
                "lucatume/di52": "3.0.0",
                "lucatume/wp-browser": "^4.0",
                "phpcompatibility/phpcompatibility-wp": "*",
                "phpunit/php-code-coverage": "^9.2",
                "szepeviktor/phpstan-wordpress": "^1.1",
                "the-events-calendar/coding-standards": "dev-master",
                "wp-coding-standards/wpcs": "^2.3"
            },
            "type": "library",
            "autoload": {
                "psr-4": {
                    "StellarWP\\Telemetry\\": "src/Telemetry",
                    "StellarWP\\Telemetry\\Views_Dir\\": "src/views",
                    "StellarWP\\Telemetry\\Assets_Dir\\": "src/resources"
                }
            },
            "notification-url": "https://packagist.org/downloads/",
            "license": [
                "GPL-2.0-or-later"
            ],
            "description": "Telemetry library for StellarWP plugins.",
            "support": {
                "issues": "https://github.com/stellarwp/telemetry/issues",
                "source": "https://github.com/stellarwp/telemetry/tree/2.3.0"
            },
            "time": "2023-10-31T19:07:27+00:00"
        },
        {
            "name": "stellarwp/uplink",
            "version": "dev-main",
            "source": {
                "type": "git",
                "url": "https://github.com/stellarwp/uplink.git",
                "reference": "86f01664501cd47918a08957cc6f6af4c1647b2c"
            },
            "dist": {
                "type": "zip",
                "url": "https://api.github.com/repos/stellarwp/uplink/zipball/86f01664501cd47918a08957cc6f6af4c1647b2c",
                "reference": "86f01664501cd47918a08957cc6f6af4c1647b2c",
                "shasum": ""
            },
            "require": {
                "ext-json": "*",
                "php": ">=7.1",
                "stellarwp/container-contract": "^1.0"
            },
            "require-dev": {
                "codeception/module-asserts": "^1.0",
                "codeception/module-cli": "^1.0",
                "codeception/module-db": "^1.0",
                "codeception/module-filesystem": "^1.0",
                "codeception/module-phpbrowser": "^1.0",
                "codeception/module-rest": "^1.0",
                "codeception/module-webdriver": "^1.0",
                "codeception/util-universalframework": "^1.0",
                "lucatume/di52": "^3.0",
                "lucatume/wp-browser": "^3.0.14",
                "phpspec/prophecy": "^1.0",
                "phpspec/prophecy-phpunit": "^1.0|^2.0",
                "phpunit/phpunit": "^6.0|^7.0|^8.0|^9.0",
                "symfony/event-dispatcher-contracts": "^2.5.1",
                "symfony/string": "^5.4",
                "szepeviktor/phpstan-wordpress": "^1.1"
            },
            "default-branch": true,
            "bin": [
                "bin/stellar-uplink"
            ],
            "type": "library",
            "autoload": {
                "psr-4": {
                    "StellarWP\\Uplink\\": "src/Uplink/",
                    "StellarWP\\Uplink\\Assets_Dir\\": "src/assets/",
                    "StellarWP\\Uplink\\Admin_Views\\": "src/admin-views/"
                }
            },
            "notification-url": "https://packagist.org/downloads/",
            "license": [
                "GPL-2.0-or-later"
            ],
            "authors": [
                {
                    "name": "StellarWP",
                    "homepage": "https://stellarwp.com"
                }
            ],
            "description": "A library that integrates a WordPress product with the StellarWP Licensing system.",
            "support": {
                "issues": "https://github.com/stellarwp/uplink/issues",
                "source": "https://github.com/stellarwp/uplink/tree/main"
            },
            "time": "2023-10-24T20:56:42+00:00"
        }
    ],
    "packages-dev": [],
    "aliases": [],
    "minimum-stability": "stable",
    "stability-flags": {
        "stellarwp/uplink": 20
    },
    "prefer-stable": false,
    "prefer-lowest": false,
    "platform": [],
    "platform-dev": [],
    "platform-overrides": {
        "php": "7.2.34"
    },
    "plugin-api-version": "2.3.0"
}
